// !$*UTF8*$!
{
	archiveVersion = 1;
	classes = {
	};
	objectVersion = 55;
	objects = {

/* Begin PBXBuildFile section */
		AC5BF7202705957E00272F0F /* VolumeController.swift in Sources */ = {isa = PBXBuildFile; fileRef = AC5BF71F2705957E00272F0F /* VolumeController.swift */; };
		AC5BF7222705974C00272F0F /* Throttler.swift in Sources */ = {isa = PBXBuildFile; fileRef = AC5BF7212705974C00272F0F /* Throttler.swift */; };
		AC6299E3270895BB004F646C /* Intents.framework in Frameworks */ = {isa = PBXBuildFile; fileRef = AC6299E2270895BB004F646C /* Intents.framework */; };
		AC6299E6270895BB004F646C /* IntentHandler.swift in Sources */ = {isa = PBXBuildFile; fileRef = AC6299E5270895BB004F646C /* IntentHandler.swift */; };
		AC6299EA270895BB004F646C /* KnobIntents.appex in Embed App Extensions */ = {isa = PBXBuildFile; fileRef = AC6299E0270895BB004F646C /* KnobIntents.appex */; settings = {ATTRIBUTES = (RemoveHeadersOnCopy, ); }; };
		AC6299F0270895E0004F646C /* Intents.intentdefinition in Sources */ = {isa = PBXBuildFile; fileRef = AC6299EF270895E0004F646C /* Intents.intentdefinition */; };
		AC6299F1270895E4004F646C /* Intents.intentdefinition in Sources */ = {isa = PBXBuildFile; fileRef = AC6299EF270895E0004F646C /* Intents.intentdefinition */; settings = {ATTRIBUTES = (no_codegen, ); }; };
		AC6299F2270895E5004F646C /* Intents.intentdefinition in Sources */ = {isa = PBXBuildFile; fileRef = AC6299EF270895E0004F646C /* Intents.intentdefinition */; settings = {ATTRIBUTES = (no_codegen, ); }; };
		AC6299F527089745004F646C /* SetVolumeIntentHandler.swift in Sources */ = {isa = PBXBuildFile; fileRef = AC6299F427089745004F646C /* SetVolumeIntentHandler.swift */; };
		AC6299FA270898DB004F646C /* Config.swift in Sources */ = {isa = PBXBuildFile; fileRef = AC6299F9270898DB004F646C /* Config.swift */; };
		AC6299FC27089C14004F646C /* GetVolumeIntentHandler.swift in Sources */ = {isa = PBXBuildFile; fileRef = AC6299FB27089C14004F646C /* GetVolumeIntentHandler.swift */; };
		AC9C326127050229008263B1 /* KnobApp.swift in Sources */ = {isa = PBXBuildFile; fileRef = AC9C326027050229008263B1 /* KnobApp.swift */; };
		AC9C326327050229008263B1 /* ContentView.swift in Sources */ = {isa = PBXBuildFile; fileRef = AC9C326227050229008263B1 /* ContentView.swift */; };
		AC9C32652705022C008263B1 /* Assets.xcassets in Resources */ = {isa = PBXBuildFile; fileRef = AC9C32642705022C008263B1 /* Assets.xcassets */; };
		AC9C32682705022C008263B1 /* Preview Assets.xcassets in Resources */ = {isa = PBXBuildFile; fileRef = AC9C32672705022C008263B1 /* Preview Assets.xcassets */; };
		ACDE34CD27051B6E00720C58 /* CircleView.swift in Sources */ = {isa = PBXBuildFile; fileRef = ACDE34CC27051B6E00720C58 /* CircleView.swift */; };
		ACDE34CF2705263D00720C58 /* Knob.swift in Sources */ = {isa = PBXBuildFile; fileRef = ACDE34CE2705263D00720C58 /* Knob.swift */; };
		ACF9228C27088481004F68E3 /* ErrorView.swift in Sources */ = {isa = PBXBuildFile; fileRef = ACF9228B27088481004F68E3 /* ErrorView.swift */; };
		ACF9228E270884B5004F68E3 /* Localizable.strings in Resources */ = {isa = PBXBuildFile; fileRef = ACF9228D270884B5004F68E3 /* Localizable.strings */; };
		ACF9229027088526004F68E3 /* L10n.swift in Sources */ = {isa = PBXBuildFile; fileRef = ACF9228F27088526004F68E3 /* L10n.swift */; };
		ACF9229B270893A2004F68E3 /* KnobKit.h in Headers */ = {isa = PBXBuildFile; fileRef = ACF9229A270893A2004F68E3 /* KnobKit.h */; settings = {ATTRIBUTES = (Public, ); }; };
		ACF9229E270893A2004F68E3 /* KnobKit.framework in Frameworks */ = {isa = PBXBuildFile; fileRef = ACF92298270893A2004F68E3 /* KnobKit.framework */; };
		ACF9229F270893A2004F68E3 /* KnobKit.framework in Embed Frameworks */ = {isa = PBXBuildFile; fileRef = ACF92298270893A2004F68E3 /* KnobKit.framework */; settings = {ATTRIBUTES = (CodeSignOnCopy, RemoveHeadersOnCopy, ); }; };
		ACF922A52708940F004F68E3 /* SpeakerClient.swift in Sources */ = {isa = PBXBuildFile; fileRef = AC5BF71A27058B1F00272F0F /* SpeakerClient.swift */; };
		ACF922A62708940F004F68E3 /* APIClient.swift in Sources */ = {isa = PBXBuildFile; fileRef = ACF92291270888C3004F68E3 /* APIClient.swift */; };
		ACF922A72708940F004F68E3 /* SetVolumeRequestBody.swift in Sources */ = {isa = PBXBuildFile; fileRef = AC17893C2706DC73004F1F3E /* SetVolumeRequestBody.swift */; };
		ACF922A82708940F004F68E3 /* VolumeResponse.swift in Sources */ = {isa = PBXBuildFile; fileRef = AC5BF71D27058BB700272F0F /* VolumeResponse.swift */; };
/* End PBXBuildFile section */

/* Begin PBXContainerItemProxy section */
		AC6299E8270895BB004F646C /* PBXContainerItemProxy */ = {
			isa = PBXContainerItemProxy;
			containerPortal = AC9C325527050229008263B1 /* Project object */;
			proxyType = 1;
			remoteGlobalIDString = AC6299DF270895BB004F646C;
			remoteInfo = KnobIntents;
		};
		AC6299F727089786004F646C /* PBXContainerItemProxy */ = {
			isa = PBXContainerItemProxy;
			containerPortal = AC9C325527050229008263B1 /* Project object */;
			proxyType = 1;
			remoteGlobalIDString = ACF92297270893A2004F68E3;
			remoteInfo = KnobKit;
		};
		ACF9229C270893A2004F68E3 /* PBXContainerItemProxy */ = {
			isa = PBXContainerItemProxy;
			containerPortal = AC9C325527050229008263B1 /* Project object */;
			proxyType = 1;
			remoteGlobalIDString = ACF92297270893A2004F68E3;
			remoteInfo = SpeakerKnobKit;
		};
/* End PBXContainerItemProxy section */

/* Begin PBXCopyFilesBuildPhase section */
		AC6299EE270895BB004F646C /* Embed App Extensions */ = {
			isa = PBXCopyFilesBuildPhase;
			buildActionMask = 2147483647;
			dstPath = "";
			dstSubfolderSpec = 13;
			files = (
				AC6299EA270895BB004F646C /* KnobIntents.appex in Embed App Extensions */,
			);
			name = "Embed App Extensions";
			runOnlyForDeploymentPostprocessing = 0;
		};
		ACF922A3270893A2004F68E3 /* Embed Frameworks */ = {
			isa = PBXCopyFilesBuildPhase;
			buildActionMask = 2147483647;
			dstPath = "";
			dstSubfolderSpec = 10;
			files = (
				ACF9229F270893A2004F68E3 /* KnobKit.framework in Embed Frameworks */,
			);
			name = "Embed Frameworks";
			runOnlyForDeploymentPostprocessing = 0;
		};
/* End PBXCopyFilesBuildPhase section */

/* Begin PBXFileReference section */
		AC17893C2706DC73004F1F3E /* SetVolumeRequestBody.swift */ = {isa = PBXFileReference; lastKnownFileType = sourcecode.swift; path = SetVolumeRequestBody.swift; sourceTree = "<group>"; };
		AC5BF71A27058B1F00272F0F /* SpeakerClient.swift */ = {isa = PBXFileReference; lastKnownFileType = sourcecode.swift; path = SpeakerClient.swift; sourceTree = "<group>"; };
		AC5BF71D27058BB700272F0F /* VolumeResponse.swift */ = {isa = PBXFileReference; lastKnownFileType = sourcecode.swift; path = VolumeResponse.swift; sourceTree = "<group>"; };
		AC5BF71F2705957E00272F0F /* VolumeController.swift */ = {isa = PBXFileReference; lastKnownFileType = sourcecode.swift; path = VolumeController.swift; sourceTree = "<group>"; };
		AC5BF7212705974C00272F0F /* Throttler.swift */ = {isa = PBXFileReference; lastKnownFileType = sourcecode.swift; path = Throttler.swift; sourceTree = "<group>"; };
		AC6299E0270895BB004F646C /* KnobIntents.appex */ = {isa = PBXFileReference; explicitFileType = "wrapper.app-extension"; includeInIndex = 0; path = KnobIntents.appex; sourceTree = BUILT_PRODUCTS_DIR; };
		AC6299E2270895BB004F646C /* Intents.framework */ = {isa = PBXFileReference; lastKnownFileType = wrapper.framework; name = Intents.framework; path = System/Library/Frameworks/Intents.framework; sourceTree = SDKROOT; };
		AC6299E5270895BB004F646C /* IntentHandler.swift */ = {isa = PBXFileReference; lastKnownFileType = sourcecode.swift; path = IntentHandler.swift; sourceTree = "<group>"; };
		AC6299E7270895BB004F646C /* Info.plist */ = {isa = PBXFileReference; lastKnownFileType = text.plist.xml; path = Info.plist; sourceTree = "<group>"; };
		AC6299EF270895E0004F646C /* Intents.intentdefinition */ = {isa = PBXFileReference; lastKnownFileType = file.intentdefinition; path = Intents.intentdefinition; sourceTree = "<group>"; };
		AC6299F327089658004F646C /* Info.plist */ = {isa = PBXFileReference; lastKnownFileType = text.plist; path = Info.plist; sourceTree = "<group>"; };
		AC6299F427089745004F646C /* SetVolumeIntentHandler.swift */ = {isa = PBXFileReference; lastKnownFileType = sourcecode.swift; path = SetVolumeIntentHandler.swift; sourceTree = "<group>"; };
		AC6299F9270898DB004F646C /* Config.swift */ = {isa = PBXFileReference; lastKnownFileType = sourcecode.swift; path = Config.swift; sourceTree = "<group>"; };
		AC6299FB27089C14004F646C /* GetVolumeIntentHandler.swift */ = {isa = PBXFileReference; lastKnownFileType = sourcecode.swift; path = GetVolumeIntentHandler.swift; sourceTree = "<group>"; };
		AC9C325D27050229008263B1 /* Knob.app */ = {isa = PBXFileReference; explicitFileType = wrapper.application; includeInIndex = 0; path = Knob.app; sourceTree = BUILT_PRODUCTS_DIR; };
		AC9C326027050229008263B1 /* KnobApp.swift */ = {isa = PBXFileReference; lastKnownFileType = sourcecode.swift; path = KnobApp.swift; sourceTree = "<group>"; };
		AC9C326227050229008263B1 /* ContentView.swift */ = {isa = PBXFileReference; lastKnownFileType = sourcecode.swift; path = ContentView.swift; sourceTree = "<group>"; };
		AC9C32642705022C008263B1 /* Assets.xcassets */ = {isa = PBXFileReference; lastKnownFileType = folder.assetcatalog; path = Assets.xcassets; sourceTree = "<group>"; };
		AC9C32672705022C008263B1 /* Preview Assets.xcassets */ = {isa = PBXFileReference; lastKnownFileType = folder.assetcatalog; path = "Preview Assets.xcassets"; sourceTree = "<group>"; };
		ACDE34CC27051B6E00720C58 /* CircleView.swift */ = {isa = PBXFileReference; lastKnownFileType = sourcecode.swift; path = CircleView.swift; sourceTree = "<group>"; };
		ACDE34CE2705263D00720C58 /* Knob.swift */ = {isa = PBXFileReference; lastKnownFileType = sourcecode.swift; path = Knob.swift; sourceTree = "<group>"; };
		ACF9228B27088481004F68E3 /* ErrorView.swift */ = {isa = PBXFileReference; lastKnownFileType = sourcecode.swift; path = ErrorView.swift; sourceTree = "<group>"; };
		ACF9228D270884B5004F68E3 /* Localizable.strings */ = {isa = PBXFileReference; lastKnownFileType = text.plist.strings; path = Localizable.strings; sourceTree = "<group>"; };
		ACF9228F27088526004F68E3 /* L10n.swift */ = {isa = PBXFileReference; fileEncoding = 4; lastKnownFileType = sourcecode.swift; path = L10n.swift; sourceTree = "<group>"; };
		ACF92291270888C3004F68E3 /* APIClient.swift */ = {isa = PBXFileReference; lastKnownFileType = sourcecode.swift; path = APIClient.swift; sourceTree = "<group>"; };
		ACF92298270893A2004F68E3 /* KnobKit.framework */ = {isa = PBXFileReference; explicitFileType = wrapper.framework; includeInIndex = 0; path = KnobKit.framework; sourceTree = BUILT_PRODUCTS_DIR; };
		ACF9229A270893A2004F68E3 /* KnobKit.h */ = {isa = PBXFileReference; lastKnownFileType = sourcecode.c.h; path = KnobKit.h; sourceTree = "<group>"; };
/* End PBXFileReference section */

/* Begin PBXFrameworksBuildPhase section */
		AC6299DD270895BB004F646C /* Frameworks */ = {
			isa = PBXFrameworksBuildPhase;
			buildActionMask = 2147483647;
			files = (
				AC6299E3270895BB004F646C /* Intents.framework in Frameworks */,
			);
			runOnlyForDeploymentPostprocessing = 0;
		};
		AC9C325A27050229008263B1 /* Frameworks */ = {
			isa = PBXFrameworksBuildPhase;
			buildActionMask = 2147483647;
			files = (
				ACF9229E270893A2004F68E3 /* KnobKit.framework in Frameworks */,
			);
			runOnlyForDeploymentPostprocessing = 0;
		};
		ACF92295270893A2004F68E3 /* Frameworks */ = {
			isa = PBXFrameworksBuildPhase;
			buildActionMask = 2147483647;
			files = (
			);
			runOnlyForDeploymentPostprocessing = 0;
		};
/* End PBXFrameworksBuildPhase section */

/* Begin PBXGroup section */
		AC5BF7232705981F00272F0F /* Source */ = {
			isa = PBXGroup;
			children = (
				AC5BF7242705983800272F0F /* Library */,
				ACDE34CC27051B6E00720C58 /* CircleView.swift */,
				AC9C326227050229008263B1 /* ContentView.swift */,
				ACDE34CE2705263D00720C58 /* Knob.swift */,
				AC9C326027050229008263B1 /* KnobApp.swift */,
				ACF9228B27088481004F68E3 /* ErrorView.swift */,
			);
			path = Source;
			sourceTree = "<group>";
		};
		AC5BF7242705983800272F0F /* Library */ = {
			isa = PBXGroup;
			children = (
				ACF9228F27088526004F68E3 /* L10n.swift */,
				AC5BF7212705974C00272F0F /* Throttler.swift */,
				AC5BF71F2705957E00272F0F /* VolumeController.swift */,
			);
			path = Library;
			sourceTree = "<group>";
		};
		AC6299E1270895BB004F646C /* Frameworks */ = {
			isa = PBXGroup;
			children = (
				AC6299E2270895BB004F646C /* Intents.framework */,
			);
			name = Frameworks;
			sourceTree = "<group>";
		};
		AC6299E4270895BB004F646C /* KnobIntents */ = {
			isa = PBXGroup;
			children = (
				AC6299F62708974A004F646C /* Source */,
				AC6299E7270895BB004F646C /* Info.plist */,
			);
			path = KnobIntents;
			sourceTree = "<group>";
		};
		AC6299F62708974A004F646C /* Source */ = {
			isa = PBXGroup;
			children = (
				AC6299E5270895BB004F646C /* IntentHandler.swift */,
				AC6299F427089745004F646C /* SetVolumeIntentHandler.swift */,
				AC6299FB27089C14004F646C /* GetVolumeIntentHandler.swift */,
			);
			path = Source;
			sourceTree = "<group>";
		};
		AC9C325427050229008263B1 = {
			isa = PBXGroup;
			children = (
				AC9C325F27050229008263B1 /* Knob */,
				AC6299E4270895BB004F646C /* KnobIntents */,
				ACF92299270893A2004F68E3 /* KnobKit */,
				AC6299E1270895BB004F646C /* Frameworks */,
				AC9C325E27050229008263B1 /* Products */,
			);
			sourceTree = "<group>";
		};
		AC9C325E27050229008263B1 /* Products */ = {
			isa = PBXGroup;
			children = (
				AC9C325D27050229008263B1 /* Knob.app */,
				ACF92298270893A2004F68E3 /* KnobKit.framework */,
				AC6299E0270895BB004F646C /* KnobIntents.appex */,
			);
			name = Products;
			sourceTree = "<group>";
		};
		AC9C325F27050229008263B1 /* Knob */ = {
			isa = PBXGroup;
			children = (
				AC6299F327089658004F646C /* Info.plist */,
				ACF9228D270884B5004F68E3 /* Localizable.strings */,
				AC9C32642705022C008263B1 /* Assets.xcassets */,
				AC9C32662705022C008263B1 /* Preview Content */,
				AC5BF7232705981F00272F0F /* Source */,
			);
			path = Knob;
			sourceTree = "<group>";
		};
		AC9C32662705022C008263B1 /* Preview Content */ = {
			isa = PBXGroup;
			children = (
				AC9C32672705022C008263B1 /* Preview Assets.xcassets */,
			);
			path = "Preview Content";
			sourceTree = "<group>";
		};
		ACF92299270893A2004F68E3 /* KnobKit */ = {
			isa = PBXGroup;
			children = (
				ACF922A4270893A7004F68E3 /* Source */,
				AC6299EF270895E0004F646C /* Intents.intentdefinition */,
				ACF9229A270893A2004F68E3 /* KnobKit.h */,
			);
			path = KnobKit;
			sourceTree = "<group>";
		};
		ACF922A4270893A7004F68E3 /* Source */ = {
			isa = PBXGroup;
			children = (
				AC6299F9270898DB004F646C /* Config.swift */,
				AC5BF71A27058B1F00272F0F /* SpeakerClient.swift */,
				AC5BF71D27058BB700272F0F /* VolumeResponse.swift */,
				AC17893C2706DC73004F1F3E /* SetVolumeRequestBody.swift */,
				ACF92291270888C3004F68E3 /* APIClient.swift */,
			);
			path = Source;
			sourceTree = "<group>";
		};
/* End PBXGroup section */

/* Begin PBXHeadersBuildPhase section */
		ACF92293270893A2004F68E3 /* Headers */ = {
			isa = PBXHeadersBuildPhase;
			buildActionMask = 2147483647;
			files = (
				ACF9229B270893A2004F68E3 /* KnobKit.h in Headers */,
			);
			runOnlyForDeploymentPostprocessing = 0;
		};
/* End PBXHeadersBuildPhase section */

/* Begin PBXNativeTarget section */
		AC6299DF270895BB004F646C /* KnobIntents */ = {
			isa = PBXNativeTarget;
			buildConfigurationList = AC6299EB270895BB004F646C /* Build configuration list for PBXNativeTarget "KnobIntents" */;
			buildPhases = (
				AC6299DC270895BB004F646C /* Sources */,
				AC6299DD270895BB004F646C /* Frameworks */,
				AC6299DE270895BB004F646C /* Resources */,
			);
			buildRules = (
			);
			dependencies = (
				AC6299F827089786004F646C /* PBXTargetDependency */,
			);
			name = KnobIntents;
			productName = KnobIntents;
			productReference = AC6299E0270895BB004F646C /* KnobIntents.appex */;
			productType = "com.apple.product-type.app-extension";
		};
		AC9C325C27050229008263B1 /* Knob */ = {
			isa = PBXNativeTarget;
			buildConfigurationList = AC9C326B2705022C008263B1 /* Build configuration list for PBXNativeTarget "Knob" */;
			buildPhases = (
				AC9C325927050229008263B1 /* Sources */,
				AC9C325A27050229008263B1 /* Frameworks */,
				AC9C325B27050229008263B1 /* Resources */,
				ACF922A3270893A2004F68E3 /* Embed Frameworks */,
				AC17893B2706D9EE004F1F3E /* SwiftLint */,
				AC6299EE270895BB004F646C /* Embed App Extensions */,
			);
			buildRules = (
			);
			dependencies = (
				ACF9229D270893A2004F68E3 /* PBXTargetDependency */,
				AC6299E9270895BB004F646C /* PBXTargetDependency */,
			);
			name = Knob;
			productName = SpeakerKnob;
			productReference = AC9C325D27050229008263B1 /* Knob.app */;
			productType = "com.apple.product-type.application";
		};
		ACF92297270893A2004F68E3 /* KnobKit */ = {
			isa = PBXNativeTarget;
			buildConfigurationList = ACF922A0270893A2004F68E3 /* Build configuration list for PBXNativeTarget "KnobKit" */;
			buildPhases = (
				ACF92293270893A2004F68E3 /* Headers */,
				ACF92294270893A2004F68E3 /* Sources */,
				ACF92295270893A2004F68E3 /* Frameworks */,
				ACF92296270893A2004F68E3 /* Resources */,
			);
			buildRules = (
			);
			dependencies = (
			);
			name = KnobKit;
			productName = SpeakerKnobKit;
			productReference = ACF92298270893A2004F68E3 /* KnobKit.framework */;
			productType = "com.apple.product-type.framework";
		};
/* End PBXNativeTarget section */

/* Begin PBXProject section */
		AC9C325527050229008263B1 /* Project object */ = {
			isa = PBXProject;
			attributes = {
				BuildIndependentTargetsInParallel = 1;
				LastSwiftUpdateCheck = 1300;
				LastUpgradeCheck = 1300;
				TargetAttributes = {
					AC6299DF270895BB004F646C = {
						CreatedOnToolsVersion = 13.0;
					};
					AC9C325C27050229008263B1 = {
						CreatedOnToolsVersion = 13.0;
					};
					ACF92297270893A2004F68E3 = {
						CreatedOnToolsVersion = 13.0;
					};
				};
			};
			buildConfigurationList = AC9C325827050229008263B1 /* Build configuration list for PBXProject "Knob" */;
			compatibilityVersion = "Xcode 13.0";
			developmentRegion = en;
			hasScannedForEncodings = 0;
			knownRegions = (
				en,
				Base,
			);
			mainGroup = AC9C325427050229008263B1;
			productRefGroup = AC9C325E27050229008263B1 /* Products */;
			projectDirPath = "";
			projectRoot = "";
			targets = (
				AC9C325C27050229008263B1 /* Knob */,
				AC6299DF270895BB004F646C /* KnobIntents */,
				ACF92297270893A2004F68E3 /* KnobKit */,
			);
		};
/* End PBXProject section */

/* Begin PBXResourcesBuildPhase section */
		AC6299DE270895BB004F646C /* Resources */ = {
			isa = PBXResourcesBuildPhase;
			buildActionMask = 2147483647;
			files = (
			);
			runOnlyForDeploymentPostprocessing = 0;
		};
		AC9C325B27050229008263B1 /* Resources */ = {
			isa = PBXResourcesBuildPhase;
			buildActionMask = 2147483647;
			files = (
				AC9C32682705022C008263B1 /* Preview Assets.xcassets in Resources */,
				ACF9228E270884B5004F68E3 /* Localizable.strings in Resources */,
				AC9C32652705022C008263B1 /* Assets.xcassets in Resources */,
			);
			runOnlyForDeploymentPostprocessing = 0;
		};
		ACF92296270893A2004F68E3 /* Resources */ = {
			isa = PBXResourcesBuildPhase;
			buildActionMask = 2147483647;
			files = (
			);
			runOnlyForDeploymentPostprocessing = 0;
		};
/* End PBXResourcesBuildPhase section */

/* Begin PBXShellScriptBuildPhase section */
		AC17893B2706D9EE004F1F3E /* SwiftLint */ = {
			isa = PBXShellScriptBuildPhase;
			buildActionMask = 2147483647;
			files = (
			);
			inputFileListPaths = (
			);
			inputPaths = (
			);
			name = SwiftLint;
			outputFileListPaths = (
			);
			outputPaths = (
			);
			runOnlyForDeploymentPostprocessing = 0;
			shellPath = /bin/sh;
			shellScript = "if which swiftlint >/dev/null; then\n  swiftlint\nelse\n  echo \"warning: SwiftLint not installed, download from https://github.com/realm/SwiftLint\"\nfi\n";
		};
/* End PBXShellScriptBuildPhase section */

/* Begin PBXSourcesBuildPhase section */
		AC6299DC270895BB004F646C /* Sources */ = {
			isa = PBXSourcesBuildPhase;
			buildActionMask = 2147483647;
			files = (
				AC6299F2270895E5004F646C /* Intents.intentdefinition in Sources */,
				AC6299E6270895BB004F646C /* IntentHandler.swift in Sources */,
				AC6299F527089745004F646C /* SetVolumeIntentHandler.swift in Sources */,
				AC6299FC27089C14004F646C /* GetVolumeIntentHandler.swift in Sources */,
			);
			runOnlyForDeploymentPostprocessing = 0;
		};
		AC9C325927050229008263B1 /* Sources */ = {
			isa = PBXSourcesBuildPhase;
			buildActionMask = 2147483647;
			files = (
				ACDE34CD27051B6E00720C58 /* CircleView.swift in Sources */,
				AC9C326327050229008263B1 /* ContentView.swift in Sources */,
				AC5BF7222705974C00272F0F /* Throttler.swift in Sources */,
				AC6299F1270895E4004F646C /* Intents.intentdefinition in Sources */,
				AC9C326127050229008263B1 /* KnobApp.swift in Sources */,
				ACDE34CF2705263D00720C58 /* Knob.swift in Sources */,
				ACF9228C27088481004F68E3 /* ErrorView.swift in Sources */,
				AC5BF7202705957E00272F0F /* VolumeController.swift in Sources */,
				ACF9229027088526004F68E3 /* L10n.swift in Sources */,
			);
			runOnlyForDeploymentPostprocessing = 0;
		};
		ACF92294270893A2004F68E3 /* Sources */ = {
			isa = PBXSourcesBuildPhase;
			buildActionMask = 2147483647;
			files = (
				ACF922A52708940F004F68E3 /* SpeakerClient.swift in Sources */,
				ACF922A62708940F004F68E3 /* APIClient.swift in Sources */,
				ACF922A82708940F004F68E3 /* VolumeResponse.swift in Sources */,
				AC6299F0270895E0004F646C /* Intents.intentdefinition in Sources */,
				ACF922A72708940F004F68E3 /* SetVolumeRequestBody.swift in Sources */,
				AC6299FA270898DB004F646C /* Config.swift in Sources */,
			);
			runOnlyForDeploymentPostprocessing = 0;
		};
/* End PBXSourcesBuildPhase section */

/* Begin PBXTargetDependency section */
		AC6299E9270895BB004F646C /* PBXTargetDependency */ = {
			isa = PBXTargetDependency;
			target = AC6299DF270895BB004F646C /* KnobIntents */;
			targetProxy = AC6299E8270895BB004F646C /* PBXContainerItemProxy */;
		};
		AC6299F827089786004F646C /* PBXTargetDependency */ = {
			isa = PBXTargetDependency;
			target = ACF92297270893A2004F68E3 /* KnobKit */;
			targetProxy = AC6299F727089786004F646C /* PBXContainerItemProxy */;
		};
		ACF9229D270893A2004F68E3 /* PBXTargetDependency */ = {
			isa = PBXTargetDependency;
			target = ACF92297270893A2004F68E3 /* KnobKit */;
			targetProxy = ACF9229C270893A2004F68E3 /* PBXContainerItemProxy */;
		};
/* End PBXTargetDependency section */

/* Begin XCBuildConfiguration section */
		AC6299EC270895BB004F646C /* Debug */ = {
			isa = XCBuildConfiguration;
			buildSettings = {
				CODE_SIGN_STYLE = Automatic;
				CURRENT_PROJECT_VERSION = 2;
				DEVELOPMENT_TEAM = 8NQFWJHC63;
				GENERATE_INFOPLIST_FILE = YES;
				INFOPLIST_FILE = KnobIntents/Info.plist;
				INFOPLIST_KEY_CFBundleDisplayName = KnobIntents;
				INFOPLIST_KEY_NSHumanReadableCopyright = "";
				LD_RUNPATH_SEARCH_PATHS = (
					"$(inherited)",
					"@executable_path/Frameworks",
					"@executable_path/../../Frameworks",
				);
				MARKETING_VERSION = 1.0;
				PRODUCT_BUNDLE_IDENTIFIER = dk.simonbs.Knob.KnobIntents;
				PRODUCT_NAME = "$(TARGET_NAME)";
				SKIP_INSTALL = YES;
				SWIFT_EMIT_LOC_STRINGS = YES;
				SWIFT_VERSION = 5.0;
				TARGETED_DEVICE_FAMILY = "1,2";
			};
			name = Debug;
		};
		AC6299ED270895BB004F646C /* Release */ = {
			isa = XCBuildConfiguration;
			buildSettings = {
				CODE_SIGN_STYLE = Automatic;
				CURRENT_PROJECT_VERSION = 2;
				DEVELOPMENT_TEAM = 8NQFWJHC63;
				GENERATE_INFOPLIST_FILE = YES;
				INFOPLIST_FILE = KnobIntents/Info.plist;
				INFOPLIST_KEY_CFBundleDisplayName = KnobIntents;
				INFOPLIST_KEY_NSHumanReadableCopyright = "";
				LD_RUNPATH_SEARCH_PATHS = (
					"$(inherited)",
					"@executable_path/Frameworks",
					"@executable_path/../../Frameworks",
				);
				MARKETING_VERSION = 1.0;
				PRODUCT_BUNDLE_IDENTIFIER = dk.simonbs.Knob.KnobIntents;
				PRODUCT_NAME = "$(TARGET_NAME)";
				SKIP_INSTALL = YES;
				SWIFT_EMIT_LOC_STRINGS = YES;
				SWIFT_VERSION = 5.0;
				TARGETED_DEVICE_FAMILY = "1,2";
			};
			name = Release;
		};
		AC9C32692705022C008263B1 /* Debug */ = {
			isa = XCBuildConfiguration;
			buildSettings = {
				ALWAYS_SEARCH_USER_PATHS = NO;
				CLANG_ANALYZER_NONNULL = YES;
				CLANG_ANALYZER_NUMBER_OBJECT_CONVERSION = YES_AGGRESSIVE;
				CLANG_CXX_LANGUAGE_STANDARD = "gnu++17";
				CLANG_CXX_LIBRARY = "libc++";
				CLANG_ENABLE_MODULES = YES;
				CLANG_ENABLE_OBJC_ARC = YES;
				CLANG_ENABLE_OBJC_WEAK = YES;
				CLANG_WARN_BLOCK_CAPTURE_AUTORELEASING = YES;
				CLANG_WARN_BOOL_CONVERSION = YES;
				CLANG_WARN_COMMA = YES;
				CLANG_WARN_CONSTANT_CONVERSION = YES;
				CLANG_WARN_DEPRECATED_OBJC_IMPLEMENTATIONS = YES;
				CLANG_WARN_DIRECT_OBJC_ISA_USAGE = YES_ERROR;
				CLANG_WARN_DOCUMENTATION_COMMENTS = YES;
				CLANG_WARN_EMPTY_BODY = YES;
				CLANG_WARN_ENUM_CONVERSION = YES;
				CLANG_WARN_INFINITE_RECURSION = YES;
				CLANG_WARN_INT_CONVERSION = YES;
				CLANG_WARN_NON_LITERAL_NULL_CONVERSION = YES;
				CLANG_WARN_OBJC_IMPLICIT_RETAIN_SELF = YES;
				CLANG_WARN_OBJC_LITERAL_CONVERSION = YES;
				CLANG_WARN_OBJC_ROOT_CLASS = YES_ERROR;
				CLANG_WARN_QUOTED_INCLUDE_IN_FRAMEWORK_HEADER = YES;
				CLANG_WARN_RANGE_LOOP_ANALYSIS = YES;
				CLANG_WARN_STRICT_PROTOTYPES = YES;
				CLANG_WARN_SUSPICIOUS_MOVE = YES;
				CLANG_WARN_UNGUARDED_AVAILABILITY = YES_AGGRESSIVE;
				CLANG_WARN_UNREACHABLE_CODE = YES;
				CLANG_WARN__DUPLICATE_METHOD_MATCH = YES;
				COPY_PHASE_STRIP = NO;
				DEBUG_INFORMATION_FORMAT = dwarf;
				ENABLE_STRICT_OBJC_MSGSEND = YES;
				ENABLE_TESTABILITY = YES;
				GCC_C_LANGUAGE_STANDARD = gnu11;
				GCC_DYNAMIC_NO_PIC = NO;
				GCC_NO_COMMON_BLOCKS = YES;
				GCC_OPTIMIZATION_LEVEL = 0;
				GCC_PREPROCESSOR_DEFINITIONS = (
					"DEBUG=1",
					"$(inherited)",
				);
				GCC_WARN_64_TO_32_BIT_CONVERSION = YES;
				GCC_WARN_ABOUT_RETURN_TYPE = YES_ERROR;
				GCC_WARN_UNDECLARED_SELECTOR = YES;
				GCC_WARN_UNINITIALIZED_AUTOS = YES_AGGRESSIVE;
				GCC_WARN_UNUSED_FUNCTION = YES;
				GCC_WARN_UNUSED_VARIABLE = YES;
				IPHONEOS_DEPLOYMENT_TARGET = 15.0;
				MTL_ENABLE_DEBUG_INFO = INCLUDE_SOURCE;
				MTL_FAST_MATH = YES;
				ONLY_ACTIVE_ARCH = YES;
				SDKROOT = iphoneos;
				SWIFT_ACTIVE_COMPILATION_CONDITIONS = DEBUG;
				SWIFT_OPTIMIZATION_LEVEL = "-Onone";
			};
			name = Debug;
		};
		AC9C326A2705022C008263B1 /* Release */ = {
			isa = XCBuildConfiguration;
			buildSettings = {
				ALWAYS_SEARCH_USER_PATHS = NO;
				CLANG_ANALYZER_NONNULL = YES;
				CLANG_ANALYZER_NUMBER_OBJECT_CONVERSION = YES_AGGRESSIVE;
				CLANG_CXX_LANGUAGE_STANDARD = "gnu++17";
				CLANG_CXX_LIBRARY = "libc++";
				CLANG_ENABLE_MODULES = YES;
				CLANG_ENABLE_OBJC_ARC = YES;
				CLANG_ENABLE_OBJC_WEAK = YES;
				CLANG_WARN_BLOCK_CAPTURE_AUTORELEASING = YES;
				CLANG_WARN_BOOL_CONVERSION = YES;
				CLANG_WARN_COMMA = YES;
				CLANG_WARN_CONSTANT_CONVERSION = YES;
				CLANG_WARN_DEPRECATED_OBJC_IMPLEMENTATIONS = YES;
				CLANG_WARN_DIRECT_OBJC_ISA_USAGE = YES_ERROR;
				CLANG_WARN_DOCUMENTATION_COMMENTS = YES;
				CLANG_WARN_EMPTY_BODY = YES;
				CLANG_WARN_ENUM_CONVERSION = YES;
				CLANG_WARN_INFINITE_RECURSION = YES;
				CLANG_WARN_INT_CONVERSION = YES;
				CLANG_WARN_NON_LITERAL_NULL_CONVERSION = YES;
				CLANG_WARN_OBJC_IMPLICIT_RETAIN_SELF = YES;
				CLANG_WARN_OBJC_LITERAL_CONVERSION = YES;
				CLANG_WARN_OBJC_ROOT_CLASS = YES_ERROR;
				CLANG_WARN_QUOTED_INCLUDE_IN_FRAMEWORK_HEADER = YES;
				CLANG_WARN_RANGE_LOOP_ANALYSIS = YES;
				CLANG_WARN_STRICT_PROTOTYPES = YES;
				CLANG_WARN_SUSPICIOUS_MOVE = YES;
				CLANG_WARN_UNGUARDED_AVAILABILITY = YES_AGGRESSIVE;
				CLANG_WARN_UNREACHABLE_CODE = YES;
				CLANG_WARN__DUPLICATE_METHOD_MATCH = YES;
				COPY_PHASE_STRIP = NO;
				DEBUG_INFORMATION_FORMAT = "dwarf-with-dsym";
				ENABLE_NS_ASSERTIONS = NO;
				ENABLE_STRICT_OBJC_MSGSEND = YES;
				GCC_C_LANGUAGE_STANDARD = gnu11;
				GCC_NO_COMMON_BLOCKS = YES;
				GCC_WARN_64_TO_32_BIT_CONVERSION = YES;
				GCC_WARN_ABOUT_RETURN_TYPE = YES_ERROR;
				GCC_WARN_UNDECLARED_SELECTOR = YES;
				GCC_WARN_UNINITIALIZED_AUTOS = YES_AGGRESSIVE;
				GCC_WARN_UNUSED_FUNCTION = YES;
				GCC_WARN_UNUSED_VARIABLE = YES;
				IPHONEOS_DEPLOYMENT_TARGET = 15.0;
				MTL_ENABLE_DEBUG_INFO = NO;
				MTL_FAST_MATH = YES;
				SDKROOT = iphoneos;
				SWIFT_COMPILATION_MODE = wholemodule;
				SWIFT_OPTIMIZATION_LEVEL = "-O";
				VALIDATE_PRODUCT = YES;
			};
			name = Release;
		};
		AC9C326C2705022C008263B1 /* Debug */ = {
			isa = XCBuildConfiguration;
			buildSettings = {
				ALWAYS_EMBED_SWIFT_STANDARD_LIBRARIES = YES;
				ASSETCATALOG_COMPILER_APPICON_NAME = AppIcon;
				ASSETCATALOG_COMPILER_GLOBAL_ACCENT_COLOR_NAME = AccentColor;
				CODE_SIGN_STYLE = Automatic;
				CURRENT_PROJECT_VERSION = 2;
				DEVELOPMENT_ASSET_PATHS = "\"Knob/Preview Content\"";
				DEVELOPMENT_TEAM = 8NQFWJHC63;
				ENABLE_PREVIEWS = YES;
				GENERATE_INFOPLIST_FILE = YES;
				INFOPLIST_FILE = Knob/Info.plist;
				INFOPLIST_KEY_UIApplicationSceneManifest_Generation = YES;
				INFOPLIST_KEY_UIApplicationSupportsIndirectInputEvents = YES;
				INFOPLIST_KEY_UILaunchScreen_Generation = YES;
				INFOPLIST_KEY_UISupportedInterfaceOrientations_iPad = "UIInterfaceOrientationPortrait UIInterfaceOrientationPortraitUpsideDown UIInterfaceOrientationLandscapeLeft UIInterfaceOrientationLandscapeRight";
				INFOPLIST_KEY_UISupportedInterfaceOrientations_iPhone = "UIInterfaceOrientationPortrait UIInterfaceOrientationLandscapeLeft UIInterfaceOrientationLandscapeRight";
				IPHONEOS_DEPLOYMENT_TARGET = 15.0;
				LD_RUNPATH_SEARCH_PATHS = (
					"$(inherited)",
					"@executable_path/Frameworks",
				);
				MARKETING_VERSION = 1.0;
				PRODUCT_BUNDLE_IDENTIFIER = dk.simonbs.Knob;
				PRODUCT_NAME = "$(TARGET_NAME)";
				SWIFT_EMIT_LOC_STRINGS = YES;
				SWIFT_VERSION = 5.0;
				TARGETED_DEVICE_FAMILY = "1,2";
			};
			name = Debug;
		};
		AC9C326D2705022C008263B1 /* Release */ = {
			isa = XCBuildConfiguration;
			buildSettings = {
				ALWAYS_EMBED_SWIFT_STANDARD_LIBRARIES = YES;
				ASSETCATALOG_COMPILER_APPICON_NAME = AppIcon;
				ASSETCATALOG_COMPILER_GLOBAL_ACCENT_COLOR_NAME = AccentColor;
				CODE_SIGN_STYLE = Automatic;
				CURRENT_PROJECT_VERSION = 2;
				DEVELOPMENT_ASSET_PATHS = "\"Knob/Preview Content\"";
				DEVELOPMENT_TEAM = 8NQFWJHC63;
				ENABLE_PREVIEWS = YES;
				GENERATE_INFOPLIST_FILE = YES;
				INFOPLIST_FILE = Knob/Info.plist;
				INFOPLIST_KEY_UIApplicationSceneManifest_Generation = YES;
				INFOPLIST_KEY_UIApplicationSupportsIndirectInputEvents = YES;
				INFOPLIST_KEY_UILaunchScreen_Generation = YES;
				INFOPLIST_KEY_UISupportedInterfaceOrientations_iPad = "UIInterfaceOrientationPortrait UIInterfaceOrientationPortraitUpsideDown UIInterfaceOrientationLandscapeLeft UIInterfaceOrientationLandscapeRight";
				INFOPLIST_KEY_UISupportedInterfaceOrientations_iPhone = "UIInterfaceOrientationPortrait UIInterfaceOrientationLandscapeLeft UIInterfaceOrientationLandscapeRight";
				IPHONEOS_DEPLOYMENT_TARGET = 15.0;
				LD_RUNPATH_SEARCH_PATHS = (
					"$(inherited)",
					"@executable_path/Frameworks",
				);
				MARKETING_VERSION = 1.0;
				PRODUCT_BUNDLE_IDENTIFIER = dk.simonbs.Knob;
				PRODUCT_NAME = "$(TARGET_NAME)";
				SWIFT_EMIT_LOC_STRINGS = YES;
				SWIFT_VERSION = 5.0;
				TARGETED_DEVICE_FAMILY = "1,2";
			};
			name = Release;
		};
		ACF922A1270893A2004F68E3 /* Debug */ = {
			isa = XCBuildConfiguration;
			buildSettings = {
				APPLICATION_EXTENSION_API_ONLY = YES;
				CODE_SIGN_STYLE = Automatic;
				CURRENT_PROJECT_VERSION = 2;
				DEFINES_MODULE = YES;
				DEVELOPMENT_TEAM = 8NQFWJHC63;
				DYLIB_COMPATIBILITY_VERSION = 1;
				DYLIB_CURRENT_VERSION = 2;
				DYLIB_INSTALL_NAME_BASE = "@rpath";
				GENERATE_INFOPLIST_FILE = YES;
				INFOPLIST_KEY_NSHumanReadableCopyright = "";
				INSTALL_PATH = "$(LOCAL_LIBRARY_DIR)/Frameworks";
				LD_RUNPATH_SEARCH_PATHS = (
					"$(inherited)",
					"@executable_path/Frameworks",
					"@loader_path/Frameworks",
				);
				MARKETING_VERSION = 1.0;
				PRODUCT_BUNDLE_IDENTIFIER = dk.simonbs.KnobKit;
				PRODUCT_NAME = "$(TARGET_NAME:c99extidentifier)";
				SKIP_INSTALL = YES;
				SWIFT_EMIT_LOC_STRINGS = YES;
				SWIFT_VERSION = 5.0;
				TARGETED_DEVICE_FAMILY = "1,2";
				VERSIONING_SYSTEM = "apple-generic";
				VERSION_INFO_PREFIX = "";
			};
			name = Debug;
		};
		ACF922A2270893A2004F68E3 /* Release */ = {
			isa = XCBuildConfiguration;
			buildSettings = {
				APPLICATION_EXTENSION_API_ONLY = YES;
				CODE_SIGN_STYLE = Automatic;
				CURRENT_PROJECT_VERSION = 2;
				DEFINES_MODULE = YES;
				DEVELOPMENT_TEAM = 8NQFWJHC63;
				DYLIB_COMPATIBILITY_VERSION = 1;
				DYLIB_CURRENT_VERSION = 2;
				DYLIB_INSTALL_NAME_BASE = "@rpath";
				GENERATE_INFOPLIST_FILE = YES;
				INFOPLIST_KEY_NSHumanReadableCopyright = "";
				INSTALL_PATH = "$(LOCAL_LIBRARY_DIR)/Frameworks";
				LD_RUNPATH_SEARCH_PATHS = (
					"$(inherited)",
					"@executable_path/Frameworks",
					"@loader_path/Frameworks",
				);
				MARKETING_VERSION = 1.0;
				PRODUCT_BUNDLE_IDENTIFIER = dk.simonbs.KnobKit;
				PRODUCT_NAME = "$(TARGET_NAME:c99extidentifier)";
				SKIP_INSTALL = YES;
				SWIFT_EMIT_LOC_STRINGS = YES;
				SWIFT_VERSION = 5.0;
				TARGETED_DEVICE_FAMILY = "1,2";
				VERSIONING_SYSTEM = "apple-generic";
				VERSION_INFO_PREFIX = "";
			};
			name = Release;
		};
/* End XCBuildConfiguration section */

/* Begin XCConfigurationList section */
		AC6299EB270895BB004F646C /* Build configuration list for PBXNativeTarget "KnobIntents" */ = {
			isa = XCConfigurationList;
			buildConfigurations = (
				AC6299EC270895BB004F646C /* Debug */,
				AC6299ED270895BB004F646C /* Release */,
			);
			defaultConfigurationIsVisible = 0;
			defaultConfigurationName = Release;
		};
		AC9C325827050229008263B1 /* Build configuration list for PBXProject "Knob" */ = {
			isa = XCConfigurationList;
			buildConfigurations = (
				AC9C32692705022C008263B1 /* Debug */,
				AC9C326A2705022C008263B1 /* Release */,
			);
			defaultConfigurationIsVisible = 0;
			defaultConfigurationName = Release;
		};
		AC9C326B2705022C008263B1 /* Build configuration list for PBXNativeTarget "Knob" */ = {
			isa = XCConfigurationList;
			buildConfigurations = (
				AC9C326C2705022C008263B1 /* Debug */,
				AC9C326D2705022C008263B1 /* Release */,
			);
			defaultConfigurationIsVisible = 0;
			defaultConfigurationName = Release;
		};
		ACF922A0270893A2004F68E3 /* Build configuration list for PBXNativeTarget "KnobKit" */ = {
			isa = XCConfigurationList;
			buildConfigurations = (
				ACF922A1270893A2004F68E3 /* Debug */,
				ACF922A2270893A2004F68E3 /* Release */,
			);
			defaultConfigurationIsVisible = 0;
			defaultConfigurationName = Release;
		};
/* End XCConfigurationList section */
	};
	rootObject = AC9C325527050229008263B1 /* Project object */;
}
